
Microsoft Visual Studio Solution File, Format Version 12.00
# Visual Studio Version 17
VisualStudioVersion = 17.3.32804.467
MinimumVisualStudioVersion = 10.0.40219.1
Project("{FAE04EC0-301F-11D3-BF4B-00C04F79EFBC}") = "NEADatabase", "NEADatabase\NEADatabase.csproj", "{11F5ADDC-1B47-4ED8-BD70-0F8D03455035}"
EndProject
Global
	GlobalSection(SolutionConfigurationPlatforms) = preSolution
		Debug|Any CPU = Debug|Any CPU
		Release|Any CPU = Release|Any CPU
	EndGlobalSection
	GlobalSection(ProjectConfigurationPlatforms) = postSolution
		{11F5ADDC-1B47-4ED8-BD70-0F8D03455035}.Debug|Any CPU.ActiveCfg = Debug|Any CPU
		{11F5ADDC-1B47-4ED8-BD70-0F8D03455035}.Debug|Any CPU.Build.0 = Debug|Any CPU
		{11F5ADDC-1B47-4ED8-BD70-0F8D03455035}.Release|Any CPU.ActiveCfg = Release|Any CPU
		{11F5ADDC-1B47-4ED8-BD70-0F8D03455035}.Release|Any CPU.Build.0 = Release|Any CPU
	EndGlobalSection
	GlobalSection(SolutionProperties) = preSolution
		HideSolutionNode = FALSE
	EndGlobalSection
	GlobalSection(ExtensibilityGlobals) = postSolution
		SolutionGuid = {A293331D-84F2-43BA-BE84-D913B2CF9B68}
	EndGlobalSection
EndGlobal
